lockfileVersion: '9.0'

settings:
  autoInstallPeers: true
  excludeLinksFromLockfile: false

importers:

  .:
    dependencies:
      install:
        specifier: ^0.13.0
        version: 0.13.0
    devDependencies:
      '@types/node':
        specifier: ^20.14.7
        version: 20.14.7

packages:

  '@types/node@20.14.7':
    resolution: {integrity: sha512-uTr2m2IbJJucF3KUxgnGOZvYbN0QgkGyWxG6973HCpMYFy2KfcgYuIwkJQMQkt1VbBMlvWRbpshFTLxnxCZjKQ==}

  install@0.13.0:
    resolution: {integrity: sha512-zDml/jzr2PKU9I8J/xyZBQn8rPCAY//UOYNmR01XwNwyfhEWObo2SWfSl1+0tm1u6PhxLwDnfsT/6jB7OUxqFA==}
    engines: {node: '>= 0.10'}

  undici-types@5.26.5:
    resolution: {integrity: sha512-JlCMO+ehdEIKqlFxk6IfVoAUVmgz7cU7zD/h9XZ0qzeosSHmUJVOzSQvvYSYWXkFXC+IfLKSIffhv0sVZup6pA==}

snapshots:

  '@types/node@20.14.7':
    dependencies:
      undici-types: 5.26.5

  install@0.13.0: {}

  undici-types@5.26.5: {}
